{
  "name": "Code-challenge-one",
  "lockfileVersion": 2,
  "requires": true,
  "packages": {
    "": {
      "dependencies": {
        "prompt-sync": "^2.0.1"
      }
    },
    "node_modules/prompt-sync": {
      "version": "2.0.1",
      "resolved": "https://registry.npmjs.org/prompt-sync/-/prompt-sync-2.0.1.tgz",
      "integrity": "sha512-Y5IagMxZM9puTVLpa/NGHUF52DFoAtRckeeIEh66fOMZ0/uG0auTApWMXkhO2K7k/rnvs5N9KGtksa9yCtDFTQ=="
    }
  },
  "dependencies": {
    "prompt-sync": {
      "version": "2.0.1",
      "resolved": "https://registry.npmjs.org/prompt-sync/-/prompt-sync-2.0.1.tgz",
      "integrity": "sha512-Y5IagMxZM9puTVLpa/NGHUF52DFoAtRckeeIEh66fOMZ0/uG0auTApWMXkhO2K7k/rnvs5N9KGtksa9yCtDFTQ=="
    }
  }
}
